
Microsoft Visual Studio Solution File, Format Version 12.00
# Visual Studio 14
VisualStudioVersion = 14.0.25420.1
MinimumVisualStudioVersion = 10.0.40219.1
Project("{FAE04EC0-301F-11D3-BF4B-00C04F79EFBC}") = "Zihnini_Bosalt", "Zihnini_Bosalt\Zihnini_Bosalt.csproj", "{5FAD042B-69D2-497D-B662-EA90298F8894}"
EndProject
Global
	GlobalSection(SolutionConfigurationPlatforms) = preSolution
		Debug|Any CPU = Debug|Any CPU
		Release|Any CPU = Release|Any CPU
	EndGlobalSection
	GlobalSection(ProjectConfigurationPlatforms) = postSolution
		{5FAD042B-69D2-497D-B662-EA90298F8894}.Debug|Any CPU.ActiveCfg = Debug|Any CPU
		{5FAD042B-69D2-497D-B662-EA90298F8894}.Debug|Any CPU.Build.0 = Debug|Any CPU
		{5FAD042B-69D2-497D-B662-EA90298F8894}.Release|Any CPU.ActiveCfg = Release|Any CPU
		{5FAD042B-69D2-497D-B662-EA90298F8894}.Release|Any CPU.Build.0 = Release|Any CPU
	EndGlobalSection
	GlobalSection(SolutionProperties) = preSolution
		HideSolutionNode = FALSE
	EndGlobalSection
EndGlobal
